// !$*UTF8*$!
{
	archiveVersion = 1;
	classes = {
	};
	objectVersion = 46;
	objects = {

/* Begin PBXBuildFile section */
		8C24485A1B135FFC00F1C04C /* main.m in Sources */ = {isa = PBXBuildFile; fileRef = 8C2448591B135FFC00F1C04C /* main.m */; };
		8C24485D1B135FFC00F1C04C /* AppDelegate.m in Sources */ = {isa = PBXBuildFile; fileRef = 8C24485C1B135FFC00F1C04C /* AppDelegate.m */; };
		8C2448601B135FFC00F1C04C /* FirstViewController.m in Sources */ = {isa = PBXBuildFile; fileRef = 8C24485F1B135FFC00F1C04C /* FirstViewController.m */; };
		8C2448631B135FFC00F1C04C /* SecondViewController.m in Sources */ = {isa = PBXBuildFile; fileRef = 8C2448621B135FFC00F1C04C /* SecondViewController.m */; };
		8C2448661B135FFC00F1C04C /* Main.storyboard in Resources */ = {isa = PBXBuildFile; fileRef = 8C2448641B135FFC00F1C04C /* Main.storyboard */; };
		8C2448681B135FFC00F1C04C /* Images.xcassets in Resources */ = {isa = PBXBuildFile; fileRef = 8C2448671B135FFC00F1C04C /* Images.xcassets */; };
		8C24486B1B135FFC00F1C04C /* LaunchScreen.xib in Resources */ = {isa = PBXBuildFile; fileRef = 8C2448691B135FFC00F1C04C /* LaunchScreen.xib */; };
		8C2448771B135FFC00F1C04C /* ThePunchListTests.m in Sources */ = {isa = PBXBuildFile; fileRef = 8C2448761B135FFC00F1C04C /* ThePunchListTests.m */; };
/* End PBXBuildFile section */

/* Begin PBXContainerItemProxy section */
		8C2448711B135FFC00F1C04C /* PBXContainerItemProxy */ = {
			isa = PBXContainerItemProxy;
			containerPortal = 8C24484C1B135FFC00F1C04C /* Project object */;
			proxyType = 1;
			remoteGlobalIDString = 8C2448531B135FFC00F1C04C;
			remoteInfo = ThePunchList;
		};
/* End PBXContainerItemProxy section */

/* Begin PBXFileReference section */
		8C2448541B135FFC00F1C04C /* ThePunchList.app */ = {isa = PBXFileReference; explicitFileType = wrapper.application; includeInIndex = 0; path = ThePunchList.app; sourceTree = BUILT_PRODUCTS_DIR; };
		8C2448581B135FFC00F1C04C /* Info.plist */ = {isa = PBXFileReference; lastKnownFileType = text.plist.xml; path = Info.plist; sourceTree = "<group>"; };
		8C2448591B135FFC00F1C04C /* main.m */ = {isa = PBXFileReference; lastKnownFileType = sourcecode.c.objc; path = main.m; sourceTree = "<group>"; };
		8C24485B1B135FFC00F1C04C /* AppDelegate.h */ = {isa = PBXFileReference; lastKnownFileType = sourcecode.c.h; path = AppDelegate.h; sourceTree = "<group>"; };
		8C24485C1B135FFC00F1C04C /* AppDelegate.m */ = {isa = PBXFileReference; lastKnownFileType = sourcecode.c.objc; path = AppDelegate.m; sourceTree = "<group>"; };
		8C24485E1B135FFC00F1C04C /* FirstViewController.h */ = {isa = PBXFileReference; lastKnownFileType = sourcecode.c.h; path = FirstViewController.h; sourceTree = "<group>"; };
		8C24485F1B135FFC00F1C04C /* FirstViewController.m */ = {isa = PBXFileReference; lastKnownFileType = sourcecode.c.objc; path = FirstViewController.m; sourceTree = "<group>"; };
		8C2448611B135FFC00F1C04C /* SecondViewController.h */ = {isa = PBXFileReference; lastKnownFileType = sourcecode.c.h; path = SecondViewController.h; sourceTree = "<group>"; };
		8C2448621B135FFC00F1C04C /* SecondViewController.m */ = {isa = PBXFileReference; lastKnownFileType = sourcecode.c.objc; path = SecondViewController.m; sourceTree = "<group>"; };
		8C2448651B135FFC00F1C04C /* Base */ = {isa = PBXFileReference; lastKnownFileType = file.storyboard; name = Base; path = Base.lproj/Main.storyboard; sourceTree = "<group>"; };
		8C2448671B135FFC00F1C04C /* Images.xcassets */ = {isa = PBXFileReference; lastKnownFileType = folder.assetcatalog; path = Images.xcassets; sourceTree = "<group>"; };
		8C24486A1B135FFC00F1C04C /* Base */ = {isa = PBXFileReference; lastKnownFileType = file.xib; name = Base; path = Base.lproj/LaunchScreen.xib; sourceTree = "<group>"; };
		8C2448701B135FFC00F1C04C /* ThePunchListTests.xctest */ = {isa = PBXFileReference; explicitFileType = wrapper.cfbundle; includeInIndex = 0; path = ThePunchListTests.xctest; sourceTree = BUILT_PRODUCTS_DIR; };
		8C2448751B135FFC00F1C04C /* Info.plist */ = {isa = PBXFileReference; lastKnownFileType = text.plist.xml; path = Info.plist; sourceTree = "<group>"; };
		8C2448761B135FFC00F1C04C /* ThePunchListTests.m */ = {isa = PBXFileReference; lastKnownFileType = sourcecode.c.objc; path = ThePunchListTests.m; sourceTree = "<group>"; };
/* End PBXFileReference section */

/* Begin PBXFrameworksBuildPhase section */
		8C2448511B135FFC00F1C04C /* Frameworks */ = {
			isa = PBXFrameworksBuildPhase;
			buildActionMask = 2147483647;
			files = (
			);
			runOnlyForDeploymentPostprocessing = 0;
		};
		8C24486D1B135FFC00F1C04C /* Frameworks */ = {
			isa = PBXFrameworksBuildPhase;
			buildActionMask = 2147483647;
			files = (
			);
			runOnlyForDeploymentPostprocessing = 0;
		};
/* End PBXFrameworksBuildPhase section */

/* Begin PBXGroup section */
		8C24484B1B135FFC00F1C04C = {
			isa = PBXGroup;
			children = (
				8C2448561B135FFC00F1C04C /* ThePunchList */,
				8C2448731B135FFC00F1C04C /* ThePunchListTests */,
				8C2448551B135FFC00F1C04C /* Products */,
			);
			sourceTree = "<group>";
		};
		8C2448551B135FFC00F1C04C /* Products */ = {
			isa = PBXGroup;
			children = (
				8C2448541B135FFC00F1C04C /* ThePunchList.app */,
				8C2448701B135FFC00F1C04C /* ThePunchListTests.xctest */,
			);
			name = Products;
			sourceTree = "<group>";
		};
		8C2448561B135FFC00F1C04C /* ThePunchList */ = {
			isa = PBXGroup;
			children = (
				8C24485B1B135FFC00F1C04C /* AppDelegate.h */,
				8C24485C1B135FFC00F1C04C /* AppDelegate.m */,
				8C24485E1B135FFC00F1C04C /* FirstViewController.h */,
				8C24485F1B135FFC00F1C04C /* FirstViewController.m */,
				8C2448611B135FFC00F1C04C /* SecondViewController.h */,
				8C2448621B135FFC00F1C04C /* SecondViewController.m */,
				8C2448641B135FFC00F1C04C /* Main.storyboard */,
				8C2448671B135FFC00F1C04C /* Images.xcassets */,
				8C2448691B135FFC00F1C04C /* LaunchScreen.xib */,
				8C2448571B135FFC00F1C04C /* Supporting Files */,
			);
			path = ThePunchList;
			sourceTree = "<group>";
		};
		8C2448571B135FFC00F1C04C /* Supporting Files */ = {
			isa = PBXGroup;
			children = (
				8C2448581B135FFC00F1C04C /* Info.plist */,
				8C2448591B135FFC00F1C04C /* main.m */,
			);
			name = "Supporting Files";
			sourceTree = "<group>";
		};
		8C2448731B135FFC00F1C04C /* ThePunchListTests */ = {
			isa = PBXGroup;
			children = (
				8C2448761B135FFC00F1C04C /* ThePunchListTests.m */,
				8C2448741B135FFC00F1C04C /* Supporting Files */,
			);
			path = ThePunchListTests;
			sourceTree = "<group>";
		};
		8C2448741B135FFC00F1C04C /* Supporting Files */ = {
			isa = PBXGroup;
			children = (
				8C2448751B135FFC00F1C04C /* Info.plist */,
			);
			name = "Supporting Files";
			sourceTree = "<group>";
		};
/* End PBXGroup section */

/* Begin PBXNativeTarget section */
		8C2448531B135FFC00F1C04C /* ThePunchList */ = {
			isa = PBXNativeTarget;
			buildConfigurationList = 8C24487A1B135FFC00F1C04C /* Build configuration list for PBXNativeTarget "ThePunchList" */;
			buildPhases = (
				8C2448501B135FFC00F1C04C /* Sources */,
				8C2448511B135FFC00F1C04C /* Frameworks */,
				8C2448521B135FFC00F1C04C /* Resources */,
			);
			buildRules = (
			);
			dependencies = (
			);
			name = ThePunchList;
			productName = ThePunchList;
			productReference = 8C2448541B135FFC00F1C04C /* ThePunchList.app */;
			productType = "com.apple.product-type.application";
		};
		8C24486F1B135FFC00F1C04C /* ThePunchListTests */ = {
			isa = PBXNativeTarget;
			buildConfigurationList = 8C24487D1B135FFC00F1C04C /* Build configuration list for PBXNativeTarget "ThePunchListTests" */;
			buildPhases = (
				8C24486C1B135FFC00F1C04C /* Sources */,
				8C24486D1B135FFC00F1C04C /* Frameworks */,
				8C24486E1B135FFC00F1C04C /* Resources */,
			);
			buildRules = (
			);
			dependencies = (
				8C2448721B135FFC00F1C04C /* PBXTargetDependency */,
			);
			name = ThePunchListTests;
			productName = ThePunchListTests;
			productReference = 8C2448701B135FFC00F1C04C /* ThePunchListTests.xctest */;
			productType = "com.apple.product-type.bundle.unit-test";
		};
/* End PBXNativeTarget section */

/* Begin PBXProject section */
		8C24484C1B135FFC00F1C04C /* Project object */ = {
			isa = PBXProject;
			attributes = {
				LastUpgradeCheck = 0630;
				ORGANIZATIONNAME = "Malavika Menon";
				TargetAttributes = {
					8C2448531B135FFC00F1C04C = {
						CreatedOnToolsVersion = 6.3.1;
					};
					8C24486F1B135FFC00F1C04C = {
						CreatedOnToolsVersion = 6.3.1;
						TestTargetID = 8C2448531B135FFC00F1C04C;
					};
				};
			};
			buildConfigurationList = 8C24484F1B135FFC00F1C04C /* Build configuration list for PBXProject "ThePunchList" */;
			compatibilityVersion = "Xcode 3.2";
			developmentRegion = English;
			hasScannedForEncodings = 0;
			knownRegions = (
				en,
				Base,
			);
			mainGroup = 8C24484B1B135FFC00F1C04C;
			productRefGroup = 8C2448551B135FFC00F1C04C /* Products */;
			projectDirPath = "";
			projectRoot = "";
			targets = (
				8C2448531B135FFC00F1C04C /* ThePunchList */,
				8C24486F1B135FFC00F1C04C /* ThePunchListTests */,
			);
		};
/* End PBXProject section */

/* Begin PBXResourcesBuildPhase section */
		8C2448521B135FFC00F1C04C /* Resources */ = {
			isa = PBXResourcesBuildPhase;
			buildActionMask = 2147483647;
			files = (
				8C2448661B135FFC00F1C04C /* Main.storyboard in Resources */,
				8C24486B1B135FFC00F1C04C /* LaunchScreen.xib in Resources */,
				8C2448681B135FFC00F1C04C /* Images.xcassets in Resources */,
			);
			runOnlyForDeploymentPostprocessing = 0;
		};
		8C24486E1B135FFC00F1C04C /* Resources */ = {
			isa = PBXResourcesBuildPhase;
			buildActionMask = 2147483647;
			files = (
			);
			runOnlyForDeploymentPostprocessing = 0;
		};
/* End PBXResourcesBuildPhase section */

/* Begin PBXSourcesBuildPhase section */
		8C2448501B135FFC00F1C04C /* Sources */ = {
			isa = PBXSourcesBuildPhase;
			buildActionMask = 2147483647;
			files = (
				8C2448631B135FFC00F1C04C /* SecondViewController.m in Sources */,
				8C24485D1B135FFC00F1C04C /* AppDelegate.m in Sources */,
				8C2448601B135FFC00F1C04C /* FirstViewController.m in Sources */,
				8C24485A1B135FFC00F1C04C /* main.m in Sources */,
			);
			runOnlyForDeploymentPostprocessing = 0;
		};
		8C24486C1B135FFC00F1C04C /* Sources */ = {
			isa = PBXSourcesBuildPhase;
			buildActionMask = 2147483647;
			files = (
				8C2448771B135FFC00F1C04C /* ThePunchListTests.m in Sources */,
			);
			runOnlyForDeploymentPostprocessing = 0;
		};
/* End PBXSourcesBuildPhase section */

/* Begin PBXTargetDependency section */
		8C2448721B135FFC00F1C04C /* PBXTargetDependency */ = {
			isa = PBXTargetDependency;
			target = 8C2448531B135FFC00F1C04C /* ThePunchList */;
			targetProxy = 8C2448711B135FFC00F1C04C /* PBXContainerItemProxy */;
		};
/* End PBXTargetDependency section */

/* Begin PBXVariantGroup section */
		8C2448641B135FFC00F1C04C /* Main.storyboard */ = {
			isa = PBXVariantGroup;
			children = (
				8C2448651B135FFC00F1C04C /* Base */,
			);
			name = Main.storyboard;
			sourceTree = "<group>";
		};
		8C2448691B135FFC00F1C04C /* LaunchScreen.xib */ = {
			isa = PBXVariantGroup;
			children = (
				8C24486A1B135FFC00F1C04C /* Base */,
			);
			name = LaunchScreen.xib;
			sourceTree = "<group>";
		};
/* End PBXVariantGroup section */

/* Begin XCBuildConfiguration section */
		8C2448781B135FFC00F1C04C /* Debug */ = {
			isa = XCBuildConfiguration;
			buildSettings = {
				ALWAYS_SEARCH_USER_PATHS = NO;
				CLANG_CXX_LANGUAGE_STANDARD = "gnu++0x";
				CLANG_CXX_LIBRARY = "libc++";
				CLANG_ENABLE_MODULES = YES;
				CLANG_ENABLE_OBJC_ARC = YES;
				CLANG_WARN_BOOL_CONVERSION = YES;
				CLANG_WARN_CONSTANT_CONVERSION = YES;
				CLANG_WARN_DIRECT_OBJC_ISA_USAGE = YES_ERROR;
				CLANG_WARN_EMPTY_BODY = YES;
				CLANG_WARN_ENUM_CONVERSION = YES;
				CLANG_WARN_INT_CONVERSION = YES;
				CLANG_WARN_OBJC_ROOT_CLASS = YES_ERROR;
				CLANG_WARN_UNREACHABLE_CODE = YES;
				CLANG_WARN__DUPLICATE_METHOD_MATCH = YES;
				"CODE_SIGN_IDENTITY[sdk=iphoneos*]" = "iPhone Developer";
				COPY_PHASE_STRIP = NO;
				DEBUG_INFORMATION_FORMAT = "dwarf-with-dsym";
				ENABLE_STRICT_OBJC_MSGSEND = YES;
				GCC_C_LANGUAGE_STANDARD = gnu99;
				GCC_DYNAMIC_NO_PIC = NO;
				GCC_NO_COMMON_BLOCKS = YES;
				GCC_OPTIMIZATION_LEVEL = 0;
				GCC_PREPROCESSOR_DEFINITIONS = (
					"DEBUG=1",
					"$(inherited)",
				);
				GCC_SYMBOLS_PRIVATE_EXTERN = NO;
				GCC_WARN_64_TO_32_BIT_CONVERSION = YES;
				GCC_WARN_ABOUT_RETURN_TYPE = YES_ERROR;
				GCC_WARN_UNDECLARED_SELECTOR = YES;
				GCC_WARN_UNINITIALIZED_AUTOS = YES_AGGRESSIVE;
				GCC_WARN_UNUSED_FUNCTION = YES;
				GCC_WARN_UNUSED_VARIABLE = YES;
				IPHONEOS_DEPLOYMENT_TARGET = 8.3;
				MTL_ENABLE_DEBUG_INFO = YES;
				ONLY_ACTIVE_ARCH = YES;
				SDKROOT = iphoneos;
				TARGETED_DEVICE_FAMILY = "1,2";
			};
			name = Debug;
		};
		8C2448791B135FFC00F1C04C /* Release */ = {
			isa = XCBuildConfiguration;
			buildSettings = {
				ALWAYS_SEARCH_USER_PATHS = NO;
				CLANG_CXX_LANGUAGE_STANDARD = "gnu++0x";
				CLANG_CXX_LIBRARY = "libc++";
				CLANG_ENABLE_MODULES = YES;
				CLANG_ENABLE_OBJC_ARC = YES;
				CLANG_WARN_BOOL_CONVERSION = YES;
				CLANG_WARN_CONSTANT_CONVERSION = YES;
				CLANG_WARN_DIRECT_OBJC_ISA_USAGE = YES_ERROR;
				CLANG_WARN_EMPTY_BODY = YES;
				CLANG_WARN_ENUM_CONVERSION = YES;
				CLANG_WARN_INT_CONVERSION = YES;
				CLANG_WARN_OBJC_ROOT_CLASS = YES_ERROR;
				CLANG_WARN_UNREACHABLE_CODE = YES;
				CLANG_WARN__DUPLICATE_METHOD_MATCH = YES;
				"CODE_SIGN_IDENTITY[sdk=iphoneos*]" = "iPhone Developer";
				COPY_PHASE_STRIP = NO;
				DEBUG_INFORMATION_FORMAT = "dwarf-with-dsym";
				ENABLE_NS_ASSERTIONS = NO;
				ENABLE_STRICT_OBJC_MSGSEND = YES;
				GCC_C_LANGUAGE_STANDARD = gnu99;
				GCC_NO_COMMON_BLOCKS = YES;
				GCC_WARN_64_TO_32_BIT_CONVERSION = YES;
				GCC_WARN_ABOUT_RETURN_TYPE = YES_ERROR;
				GCC_WARN_UNDECLARED_SELECTOR = YES;
				GCC_WARN_UNINITIALIZED_AUTOS = YES_AGGRESSIVE;
				GCC_WARN_UNUSED_FUNCTION = YES;
				GCC_WARN_UNUSED_VARIABLE = YES;
				IPHONEOS_DEPLOYMENT_TARGET = 8.3;
				MTL_ENABLE_DEBUG_INFO = NO;
				SDKROOT = iphoneos;
				TARGETED_DEVICE_FAMILY = "1,2";
				VALIDATE_PRODUCT = YES;
			};
			name = Release;
		};
		8C24487B1B135FFC00F1C04C /* Debug */ = {
			isa = XCBuildConfiguration;
			buildSettings = {
				ASSETCATALOG_COMPILER_APPICON_NAME = AppIcon;
				INFOPLIST_FILE = ThePunchList/Info.plist;
				LD_RUNPATH_SEARCH_PATHS = "$(inherited) @executable_path/Frameworks";
				PRODUCT_NAME = "$(TARGET_NAME)";
			};
			name = Debug;
		};
		8C24487C1B135FFC00F1C04C /* Release */ = {
			isa = XCBuildConfiguration;
			buildSettings = {
				ASSETCATALOG_COMPILER_APPICON_NAME = AppIcon;
				INFOPLIST_FILE = ThePunchList/Info.plist;
				LD_RUNPATH_SEARCH_PATHS = "$(inherited) @executable_path/Frameworks";
				PRODUCT_NAME = "$(TARGET_NAME)";
			};
			name = Release;
		};
		8C24487E1B135FFC00F1C04C /* Debug */ = {
			isa = XCBuildConfiguration;
			buildSettings = {
				BUNDLE_LOADER = "$(TEST_HOST)";
				FRAMEWORK_SEARCH_PATHS = (
					"$(SDKROOT)/Developer/Library/Frameworks",
					"$(inherited)",
				);
				GCC_PREPROCESSOR_DEFINITIONS = (
					"DEBUG=1",
					"$(inherited)",
				);
				INFOPLIST_FILE = ThePunchListTests/Info.plist;
				LD_RUNPATH_SEARCH_PATHS = "$(inherited) @executable_path/Frameworks @loader_path/Frameworks";
				PRODUCT_NAME = "$(TARGET_NAME)";
				TEST_HOST = "$(BUILT_PRODUCTS_DIR)/ThePunchList.app/ThePunchList";
			};
			name = Debug;
		};
		8C24487F1B135FFC00F1C04C /* Release */ = {
			isa = XCBuildConfiguration;
			buildSettings = {
				BUNDLE_LOADER = "$(TEST_HOST)";
				FRAMEWORK_SEARCH_PATHS = (
					"$(SDKROOT)/Developer/Library/Frameworks",
					"$(inherited)",
				);
				INFOPLIST_FILE = ThePunchListTests/Info.plist;
				LD_RUNPATH_SEARCH_PATHS = "$(inherited) @executable_path/Frameworks @loader_path/Frameworks";
				PRODUCT_NAME = "$(TARGET_NAME)";
				TEST_HOST = "$(BUILT_PRODUCTS_DIR)/ThePunchList.app/ThePunchList";
			};
			name = Release;
		};
/* End XCBuildConfiguration section */

/* Begin XCConfigurationList section */
		8C24484F1B135FFC00F1C04C /* Build configuration list for PBXProject "ThePunchList" */ = {
			isa = XCConfigurationList;
			buildConfigurations = (
				8C2448781B135FFC00F1C04C /* Debug */,
				8C2448791B135FFC00F1C04C /* Release */,
			);
			defaultConfigurationIsVisible = 0;
			defaultConfigurationName = Release;
		};
		8C24487A1B135FFC00F1C04C /* Build configuration list for PBXNativeTarget "ThePunchList" */ = {
			isa = XCConfigurationList;
			buildConfigurations = (
				8C24487B1B135FFC00F1C04C /* Debug */,
				8C24487C1B135FFC00F1C04C /* Release */,
			);
			defaultConfigurationIsVisible = 0;
		};
		8C24487D1B135FFC00F1C04C /* Build configuration list for PBXNativeTarget "ThePunchListTests" */ = {
			isa = XCConfigurationList;
			buildConfigurations = (
				8C24487E1B135FFC00F1C04C /* Debug */,
				8C24487F1B135FFC00F1C04C /* Release */,
			);
			defaultConfigurationIsVisible = 0;
		};
/* End XCConfigurationList section */
	};
	rootObject = 8C24484C1B135FFC00F1C04C /* Project object */;
}
